// !$*UTF8*$!
{
	archiveVersion = 1;
	classes = {
	};
	objectVersion = 56;
	objects = {

/* Begin PBXBuildFile section */
		BF0F861F2A59C39500329138 /* InfoViewController.swift in Sources */ = {isa = PBXBuildFile; fileRef = BF0F861E2A59C39500329138 /* InfoViewController.swift */; };
		BF6E2E052A51D9C50024D7CB /* AppDelegate.swift in Sources */ = {isa = PBXBuildFile; fileRef = BF6E2E042A51D9C50024D7CB /* AppDelegate.swift */; };
		BF6E2E072A51D9C50024D7CB /* SceneDelegate.swift in Sources */ = {isa = PBXBuildFile; fileRef = BF6E2E062A51D9C50024D7CB /* SceneDelegate.swift */; };
		BF6E2E092A51D9C50024D7CB /* MainTableViewController.swift in Sources */ = {isa = PBXBuildFile; fileRef = BF6E2E082A51D9C50024D7CB /* MainTableViewController.swift */; };
		BF6E2E0C2A51D9C50024D7CB /* Main.storyboard in Resources */ = {isa = PBXBuildFile; fileRef = BF6E2E0A2A51D9C50024D7CB /* Main.storyboard */; };
		BF6E2E0F2A51D9C50024D7CB /* Garage.xcdatamodeld in Sources */ = {isa = PBXBuildFile; fileRef = BF6E2E0D2A51D9C50024D7CB /* Garage.xcdatamodeld */; };
		BF6E2E112A51D9C50024D7CB /* Assets.xcassets in Resources */ = {isa = PBXBuildFile; fileRef = BF6E2E102A51D9C50024D7CB /* Assets.xcassets */; };
		BF6E2E142A51D9C50024D7CB /* LaunchScreen.storyboard in Resources */ = {isa = PBXBuildFile; fileRef = BF6E2E122A51D9C50024D7CB /* LaunchScreen.storyboard */; };
		BF6E2E1C2A51E0F30024D7CB /* RestAPIClient.swift in Sources */ = {isa = PBXBuildFile; fileRef = BF6E2E1B2A51E0F30024D7CB /* RestAPIClient.swift */; };
		BF6E2E1E2A51E1780024D7CB /* Request.swift in Sources */ = {isa = PBXBuildFile; fileRef = BF6E2E1D2A51E1780024D7CB /* Request.swift */; };
		BF6E2E202A51E2060024D7CB /* CarService.swift in Sources */ = {isa = PBXBuildFile; fileRef = BF6E2E1F2A51E2060024D7CB /* CarService.swift */; };
		BF6E2E222A5206F90024D7CB /* AddNewCar.swift in Sources */ = {isa = PBXBuildFile; fileRef = BF6E2E212A5206F90024D7CB /* AddNewCar.swift */; };
/* End PBXBuildFile section */

/* Begin PBXFileReference section */
		BF0F861E2A59C39500329138 /* InfoViewController.swift */ = {isa = PBXFileReference; fileEncoding = 4; lastKnownFileType = sourcecode.swift; path = InfoViewController.swift; sourceTree = "<group>"; };
		BF6E2E012A51D9C50024D7CB /* Garage.app */ = {isa = PBXFileReference; explicitFileType = wrapper.application; includeInIndex = 0; path = Garage.app; sourceTree = BUILT_PRODUCTS_DIR; };
		BF6E2E042A51D9C50024D7CB /* AppDelegate.swift */ = {isa = PBXFileReference; lastKnownFileType = sourcecode.swift; path = AppDelegate.swift; sourceTree = "<group>"; };
		BF6E2E062A51D9C50024D7CB /* SceneDelegate.swift */ = {isa = PBXFileReference; lastKnownFileType = sourcecode.swift; path = SceneDelegate.swift; sourceTree = "<group>"; };
		BF6E2E082A51D9C50024D7CB /* MainTableViewController.swift */ = {isa = PBXFileReference; lastKnownFileType = sourcecode.swift; path = MainTableViewController.swift; sourceTree = "<group>"; };
		BF6E2E0B2A51D9C50024D7CB /* Base */ = {isa = PBXFileReference; lastKnownFileType = file.storyboard; name = Base; path = Base.lproj/Main.storyboard; sourceTree = "<group>"; };
		BF6E2E0E2A51D9C50024D7CB /* Garage.xcdatamodel */ = {isa = PBXFileReference; lastKnownFileType = wrapper.xcdatamodel; path = Garage.xcdatamodel; sourceTree = "<group>"; };
		BF6E2E102A51D9C50024D7CB /* Assets.xcassets */ = {isa = PBXFileReference; lastKnownFileType = folder.assetcatalog; path = Assets.xcassets; sourceTree = "<group>"; };
		BF6E2E132A51D9C50024D7CB /* Base */ = {isa = PBXFileReference; lastKnownFileType = file.storyboard; name = Base; path = Base.lproj/LaunchScreen.storyboard; sourceTree = "<group>"; };
		BF6E2E152A51D9C50024D7CB /* Info.plist */ = {isa = PBXFileReference; lastKnownFileType = text.plist.xml; path = Info.plist; sourceTree = "<group>"; };
		BF6E2E1B2A51E0F30024D7CB /* RestAPIClient.swift */ = {isa = PBXFileReference; lastKnownFileType = sourcecode.swift; path = RestAPIClient.swift; sourceTree = "<group>"; };
		BF6E2E1D2A51E1780024D7CB /* Request.swift */ = {isa = PBXFileReference; lastKnownFileType = sourcecode.swift; path = Request.swift; sourceTree = "<group>"; };
		BF6E2E1F2A51E2060024D7CB /* CarService.swift */ = {isa = PBXFileReference; lastKnownFileType = sourcecode.swift; path = CarService.swift; sourceTree = "<group>"; };
		BF6E2E212A5206F90024D7CB /* AddNewCar.swift */ = {isa = PBXFileReference; lastKnownFileType = sourcecode.swift; path = AddNewCar.swift; sourceTree = "<group>"; };
/* End PBXFileReference section */

/* Begin PBXFrameworksBuildPhase section */
		BF6E2DFE2A51D9C50024D7CB /* Frameworks */ = {
			isa = PBXFrameworksBuildPhase;
			buildActionMask = 2147483647;
			files = (
			);
			runOnlyForDeploymentPostprocessing = 0;
		};
/* End PBXFrameworksBuildPhase section */

/* Begin PBXGroup section */
		BF6E2DF82A51D9C50024D7CB = {
			isa = PBXGroup;
			children = (
				BF6E2E032A51D9C50024D7CB /* Garage */,
				BF6E2E022A51D9C50024D7CB /* Products */,
			);
			sourceTree = "<group>";
		};
		BF6E2E022A51D9C50024D7CB /* Products */ = {
			isa = PBXGroup;
			children = (
				BF6E2E012A51D9C50024D7CB /* Garage.app */,
			);
			name = Products;
			sourceTree = "<group>";
		};
		BF6E2E032A51D9C50024D7CB /* Garage */ = {
			isa = PBXGroup;
			children = (
				BF6E2E042A51D9C50024D7CB /* AppDelegate.swift */,
				BF6E2E062A51D9C50024D7CB /* SceneDelegate.swift */,
				BF6E2E082A51D9C50024D7CB /* MainTableViewController.swift */,
				BF6E2E1B2A51E0F30024D7CB /* RestAPIClient.swift */,
				BF6E2E1D2A51E1780024D7CB /* Request.swift */,
				BF6E2E1F2A51E2060024D7CB /* CarService.swift */,
				BF6E2E212A5206F90024D7CB /* AddNewCar.swift */,
				BF0F861E2A59C39500329138 /* InfoViewController.swift */,
				BF6E2E0A2A51D9C50024D7CB /* Main.storyboard */,
				BF6E2E102A51D9C50024D7CB /* Assets.xcassets */,
				BF6E2E122A51D9C50024D7CB /* LaunchScreen.storyboard */,
				BF6E2E152A51D9C50024D7CB /* Info.plist */,
				BF6E2E0D2A51D9C50024D7CB /* Garage.xcdatamodeld */,
			);
			path = Garage;
			sourceTree = "<group>";
		};
/* End PBXGroup section */

/* Begin PBXNativeTarget section */
		BF6E2E002A51D9C50024D7CB /* Garage */ = {
			isa = PBXNativeTarget;
			buildConfigurationList = BF6E2E182A51D9C50024D7CB /* Build configuration list for PBXNativeTarget "Garage" */;
			buildPhases = (
				BF6E2DFD2A51D9C50024D7CB /* Sources */,
				BF6E2DFE2A51D9C50024D7CB /* Frameworks */,
				BF6E2DFF2A51D9C50024D7CB /* Resources */,
			);
			buildRules = (
			);
			dependencies = (
			);
			name = Garage;
			productName = Garage;
			productReference = BF6E2E012A51D9C50024D7CB /* Garage.app */;
			productType = "com.apple.product-type.application";
		};
/* End PBXNativeTarget section */

/* Begin PBXProject section */
		BF6E2DF92A51D9C50024D7CB /* Project object */ = {
			isa = PBXProject;
			attributes = {
				BuildIndependentTargetsInParallel = 1;
				LastSwiftUpdateCheck = 1430;
				LastUpgradeCheck = 1430;
				TargetAttributes = {
					BF6E2E002A51D9C50024D7CB = {
						CreatedOnToolsVersion = 14.3.1;
					};
				};
			};
			buildConfigurationList = BF6E2DFC2A51D9C50024D7CB /* Build configuration list for PBXProject "Garage" */;
			compatibilityVersion = "Xcode 14.0";
			developmentRegion = en;
			hasScannedForEncodings = 0;
			knownRegions = (
				en,
				Base,
			);
			mainGroup = BF6E2DF82A51D9C50024D7CB;
			productRefGroup = BF6E2E022A51D9C50024D7CB /* Products */;
			projectDirPath = "";
			projectRoot = "";
			targets = (
				BF6E2E002A51D9C50024D7CB /* Garage */,
			);
		};
/* End PBXProject section */

/* Begin PBXResourcesBuildPhase section */
		BF6E2DFF2A51D9C50024D7CB /* Resources */ = {
			isa = PBXResourcesBuildPhase;
			buildActionMask = 2147483647;
			files = (
				BF6E2E142A51D9C50024D7CB /* LaunchScreen.storyboard in Resources */,
				BF6E2E112A51D9C50024D7CB /* Assets.xcassets in Resources */,
				BF6E2E0C2A51D9C50024D7CB /* Main.storyboard in Resources */,
			);
			runOnlyForDeploymentPostprocessing = 0;
		};
/* End PBXResourcesBuildPhase section */

/* Begin PBXSourcesBuildPhase section */
		BF6E2DFD2A51D9C50024D7CB /* Sources */ = {
			isa = PBXSourcesBuildPhase;
			buildActionMask = 2147483647;
			files = (
				BF6E2E092A51D9C50024D7CB /* MainTableViewController.swift in Sources */,
				BF6E2E1E2A51E1780024D7CB /* Request.swift in Sources */,
				BF6E2E202A51E2060024D7CB /* CarService.swift in Sources */,
				BF6E2E222A5206F90024D7CB /* AddNewCar.swift in Sources */,
				BF0F861F2A59C39500329138 /* InfoViewController.swift in Sources */,
				BF6E2E1C2A51E0F30024D7CB /* RestAPIClient.swift in Sources */,
				BF6E2E052A51D9C50024D7CB /* AppDelegate.swift in Sources */,
				BF6E2E0F2A51D9C50024D7CB /* Garage.xcdatamodeld in Sources */,
				BF6E2E072A51D9C50024D7CB /* SceneDelegate.swift in Sources */,
			);
			runOnlyForDeploymentPostprocessing = 0;
		};
/* End PBXSourcesBuildPhase section */

/* Begin PBXVariantGroup section */
		BF6E2E0A2A51D9C50024D7CB /* Main.storyboard */ = {
			isa = PBXVariantGroup;
			children = (
				BF6E2E0B2A51D9C50024D7CB /* Base */,
			);
			name = Main.storyboard;
			sourceTree = "<group>";
		};
		BF6E2E122A51D9C50024D7CB /* LaunchScreen.storyboard */ = {
			isa = PBXVariantGroup;
			children = (
				BF6E2E132A51D9C50024D7CB /* Base */,
			);
			name = LaunchScreen.storyboard;
			sourceTree = "<group>";
		};
/* End PBXVariantGroup section */

/* Begin XCBuildConfiguration section */
		BF6E2E162A51D9C50024D7CB /* Debug */ = {
			isa = XCBuildConfiguration;
			buildSettings = {
				ALWAYS_SEARCH_USER_PATHS = NO;
				CLANG_ANALYZER_NONNULL = YES;
				CLANG_ANALYZER_NUMBER_OBJECT_CONVERSION = YES_AGGRESSIVE;
				CLANG_CXX_LANGUAGE_STANDARD = "gnu++20";
				CLANG_ENABLE_MODULES = YES;
				CLANG_ENABLE_OBJC_ARC = YES;
				CLANG_ENABLE_OBJC_WEAK = YES;
				CLANG_WARN_BLOCK_CAPTURE_AUTORELEASING = YES;
				CLANG_WARN_BOOL_CONVERSION = YES;
				CLANG_WARN_COMMA = YES;
				CLANG_WARN_CONSTANT_CONVERSION = YES;
				CLANG_WARN_DEPRECATED_OBJC_IMPLEMENTATIONS = YES;
				CLANG_WARN_DIRECT_OBJC_ISA_USAGE = YES_ERROR;
				CLANG_WARN_DOCUMENTATION_COMMENTS = YES;
				CLANG_WARN_EMPTY_BODY = YES;
				CLANG_WARN_ENUM_CONVERSION = YES;
				CLANG_WARN_INFINITE_RECURSION = YES;
				CLANG_WARN_INT_CONVERSION = YES;
				CLANG_WARN_NON_LITERAL_NULL_CONVERSION = YES;
				CLANG_WARN_OBJC_IMPLICIT_RETAIN_SELF = YES;
				CLANG_WARN_OBJC_LITERAL_CONVERSION = YES;
				CLANG_WARN_OBJC_ROOT_CLASS = YES_ERROR;
				CLANG_WARN_QUOTED_INCLUDE_IN_FRAMEWORK_HEADER = YES;
				CLANG_WARN_RANGE_LOOP_ANALYSIS = YES;
				CLANG_WARN_STRICT_PROTOTYPES = YES;
				CLANG_WARN_SUSPICIOUS_MOVE = YES;
				CLANG_WARN_UNGUARDED_AVAILABILITY = YES_AGGRESSIVE;
				CLANG_WARN_UNREACHABLE_CODE = YES;
				CLANG_WARN__DUPLICATE_METHOD_MATCH = YES;
				COPY_PHASE_STRIP = NO;
				DEBUG_INFORMATION_FORMAT = dwarf;
				ENABLE_STRICT_OBJC_MSGSEND = YES;
				ENABLE_TESTABILITY = YES;
				GCC_C_LANGUAGE_STANDARD = gnu11;
				GCC_DYNAMIC_NO_PIC = NO;
				GCC_NO_COMMON_BLOCKS = YES;
				GCC_OPTIMIZATION_LEVEL = 0;
				GCC_PREPROCESSOR_DEFINITIONS = (
					"DEBUG=1",
					"$(inherited)",
				);
				GCC_WARN_64_TO_32_BIT_CONVERSION = YES;
				GCC_WARN_ABOUT_RETURN_TYPE = YES_ERROR;
				GCC_WARN_UNDECLARED_SELECTOR = YES;
				GCC_WARN_UNINITIALIZED_AUTOS = YES_AGGRESSIVE;
				GCC_WARN_UNUSED_FUNCTION = YES;
				GCC_WARN_UNUSED_VARIABLE = YES;
				IPHONEOS_DEPLOYMENT_TARGET = 16.4;
				MTL_ENABLE_DEBUG_INFO = INCLUDE_SOURCE;
				MTL_FAST_MATH = YES;
				ONLY_ACTIVE_ARCH = YES;
				SDKROOT = iphoneos;
				SWIFT_ACTIVE_COMPILATION_CONDITIONS = DEBUG;
				SWIFT_OPTIMIZATION_LEVEL = "-Onone";
			};
			name = Debug;
		};
		BF6E2E172A51D9C50024D7CB /* Release */ = {
			isa = XCBuildConfiguration;
			buildSettings = {
				ALWAYS_SEARCH_USER_PATHS = NO;
				CLANG_ANALYZER_NONNULL = YES;
				CLANG_ANALYZER_NUMBER_OBJECT_CONVERSION = YES_AGGRESSIVE;
				CLANG_CXX_LANGUAGE_STANDARD = "gnu++20";
				CLANG_ENABLE_MODULES = YES;
				CLANG_ENABLE_OBJC_ARC = YES;
				CLANG_ENABLE_OBJC_WEAK = YES;
				CLANG_WARN_BLOCK_CAPTURE_AUTORELEASING = YES;
				CLANG_WARN_BOOL_CONVERSION = YES;
				CLANG_WARN_COMMA = YES;
				CLANG_WARN_CONSTANT_CONVERSION = YES;
				CLANG_WARN_DEPRECATED_OBJC_IMPLEMENTATIONS = YES;
				CLANG_WARN_DIRECT_OBJC_ISA_USAGE = YES_ERROR;
				CLANG_WARN_DOCUMENTATION_COMMENTS = YES;
				CLANG_WARN_EMPTY_BODY = YES;
				CLANG_WARN_ENUM_CONVERSION = YES;
				CLANG_WARN_INFINITE_RECURSION = YES;
				CLANG_WARN_INT_CONVERSION = YES;
				CLANG_WARN_NON_LITERAL_NULL_CONVERSION = YES;
				CLANG_WARN_OBJC_IMPLICIT_RETAIN_SELF = YES;
				CLANG_WARN_OBJC_LITERAL_CONVERSION = YES;
				CLANG_WARN_OBJC_ROOT_CLASS = YES_ERROR;
				CLANG_WARN_QUOTED_INCLUDE_IN_FRAMEWORK_HEADER = YES;
				CLANG_WARN_RANGE_LOOP_ANALYSIS = YES;
				CLANG_WARN_STRICT_PROTOTYPES = YES;
				CLANG_WARN_SUSPICIOUS_MOVE = YES;
				CLANG_WARN_UNGUARDED_AVAILABILITY = YES_AGGRESSIVE;
				CLANG_WARN_UNREACHABLE_CODE = YES;
				CLANG_WARN__DUPLICATE_METHOD_MATCH = YES;
				COPY_PHASE_STRIP = NO;
				DEBUG_INFORMATION_FORMAT = "dwarf-with-dsym";
				ENABLE_NS_ASSERTIONS = NO;
				ENABLE_STRICT_OBJC_MSGSEND = YES;
				GCC_C_LANGUAGE_STANDARD = gnu11;
				GCC_NO_COMMON_BLOCKS = YES;
				GCC_WARN_64_TO_32_BIT_CONVERSION = YES;
				GCC_WARN_ABOUT_RETURN_TYPE = YES_ERROR;
				GCC_WARN_UNDECLARED_SELECTOR = YES;
				GCC_WARN_UNINITIALIZED_AUTOS = YES_AGGRESSIVE;
				GCC_WARN_UNUSED_FUNCTION = YES;
				GCC_WARN_UNUSED_VARIABLE = YES;
				IPHONEOS_DEPLOYMENT_TARGET = 16.4;
				MTL_ENABLE_DEBUG_INFO = NO;
				MTL_FAST_MATH = YES;
				SDKROOT = iphoneos;
				SWIFT_COMPILATION_MODE = wholemodule;
				SWIFT_OPTIMIZATION_LEVEL = "-O";
				VALIDATE_PRODUCT = YES;
			};
			name = Release;
		};
		BF6E2E192A51D9C50024D7CB /* Debug */ = {
			isa = XCBuildConfiguration;
			buildSettings = {
				ASSETCATALOG_COMPILER_APPICON_NAME = AppIcon;
				ASSETCATALOG_COMPILER_GLOBAL_ACCENT_COLOR_NAME = AccentColor;
				CODE_SIGN_STYLE = Automatic;
				CURRENT_PROJECT_VERSION = 1;
				GENERATE_INFOPLIST_FILE = YES;
				INFOPLIST_FILE = Garage/Info.plist;
				INFOPLIST_KEY_CFBundleDisplayName = JSON;
				INFOPLIST_KEY_UIApplicationSupportsIndirectInputEvents = YES;
				INFOPLIST_KEY_UILaunchStoryboardName = LaunchScreen;
				INFOPLIST_KEY_UIMainStoryboardFile = Main;
				INFOPLIST_KEY_UISupportedInterfaceOrientations_iPad = "UIInterfaceOrientationPortrait UIInterfaceOrientationPortraitUpsideDown UIInterfaceOrientationLandscapeLeft UIInterfaceOrientationLandscapeRight";
				INFOPLIST_KEY_UISupportedInterfaceOrientations_iPhone = "UIInterfaceOrientationPortrait UIInterfaceOrientationLandscapeLeft UIInterfaceOrientationLandscapeRight";
				LD_RUNPATH_SEARCH_PATHS = (
					"$(inherited)",
					"@executable_path/Frameworks",
				);
				MARKETING_VERSION = 1.0;
				PRODUCT_BUNDLE_IDENTIFIER = ru.iDmitry89.Garage;
				PRODUCT_NAME = "$(TARGET_NAME)";
				SUPPORTED_PLATFORMS = "iphoneos iphonesimulator";
				SUPPORTS_MACCATALYST = NO;
				SUPPORTS_MAC_DESIGNED_FOR_IPHONE_IPAD = NO;
				SWIFT_EMIT_LOC_STRINGS = YES;
				SWIFT_VERSION = 5.0;
				TARGETED_DEVICE_FAMILY = 1;
			};
			name = Debug;
		};
		BF6E2E1A2A51D9C50024D7CB /* Release */ = {
			isa = XCBuildConfiguration;
			buildSettings = {
				ASSETCATALOG_COMPILER_APPICON_NAME = AppIcon;
				ASSETCATALOG_COMPILER_GLOBAL_ACCENT_COLOR_NAME = AccentColor;
				CODE_SIGN_STYLE = Automatic;
				CURRENT_PROJECT_VERSION = 1;
				GENERATE_INFOPLIST_FILE = YES;
				INFOPLIST_FILE = Garage/Info.plist;
				INFOPLIST_KEY_CFBundleDisplayName = JSON;
				INFOPLIST_KEY_UIApplicationSupportsIndirectInputEvents = YES;
				INFOPLIST_KEY_UILaunchStoryboardName = LaunchScreen;
				INFOPLIST_KEY_UIMainStoryboardFile = Main;
				INFOPLIST_KEY_UISupportedInterfaceOrientations_iPad = "UIInterfaceOrientationPortrait UIInterfaceOrientationPortraitUpsideDown UIInterfaceOrientationLandscapeLeft UIInterfaceOrientationLandscapeRight";
				INFOPLIST_KEY_UISupportedInterfaceOrientations_iPhone = "UIInterfaceOrientationPortrait UIInterfaceOrientationLandscapeLeft UIInterfaceOrientationLandscapeRight";
				LD_RUNPATH_SEARCH_PATHS = (
					"$(inherited)",
					"@executable_path/Frameworks",
				);
				MARKETING_VERSION = 1.0;
				PRODUCT_BUNDLE_IDENTIFIER = ru.iDmitry89.Garage;
				PRODUCT_NAME = "$(TARGET_NAME)";
				SUPPORTED_PLATFORMS = "iphoneos iphonesimulator";
				SUPPORTS_MACCATALYST = NO;
				SUPPORTS_MAC_DESIGNED_FOR_IPHONE_IPAD = NO;
				SWIFT_EMIT_LOC_STRINGS = YES;
				SWIFT_VERSION = 5.0;
				TARGETED_DEVICE_FAMILY = 1;
			};
			name = Release;
		};
/* End XCBuildConfiguration section */

/* Begin XCConfigurationList section */
		BF6E2DFC2A51D9C50024D7CB /* Build configuration list for PBXProject "Garage" */ = {
			isa = XCConfigurationList;
			buildConfigurations = (
				BF6E2E162A51D9C50024D7CB /* Debug */,
				BF6E2E172A51D9C50024D7CB /* Release */,
			);
			defaultConfigurationIsVisible = 0;
			defaultConfigurationName = Release;
		};
		BF6E2E182A51D9C50024D7CB /* Build configuration list for PBXNativeTarget "Garage" */ = {
			isa = XCConfigurationList;
			buildConfigurations = (
				BF6E2E192A51D9C50024D7CB /* Debug */,
				BF6E2E1A2A51D9C50024D7CB /* Release */,
			);
			defaultConfigurationIsVisible = 0;
			defaultConfigurationName = Release;
		};
/* End XCConfigurationList section */

/* Begin XCVersionGroup section */
		BF6E2E0D2A51D9C50024D7CB /* Garage.xcdatamodeld */ = {
			isa = XCVersionGroup;
			children = (
				BF6E2E0E2A51D9C50024D7CB /* Garage.xcdatamodel */,
			);
			currentVersion = BF6E2E0E2A51D9C50024D7CB /* Garage.xcdatamodel */;
			path = Garage.xcdatamodeld;
			sourceTree = "<group>";
			versionGroupType = wrapper.xcdatamodel;
		};
/* End XCVersionGroup section */
	};
	rootObject = BF6E2DF92A51D9C50024D7CB /* Project object */;
}
